// !$*UTF8*$!
{
	archiveVersion = 1;
	classes = {
	};
	objectVersion = 55;
	objects = {

/* Begin PBXBuildFile section */
		04EB44C12842292B007C8A4C /* beMyEyesApp.swift in Sources */ = {isa = PBXBuildFile; fileRef = 04EB44C02842292B007C8A4C /* beMyEyesApp.swift */; };
		04EB44C32842292B007C8A4C /* ContentView.swift in Sources */ = {isa = PBXBuildFile; fileRef = 04EB44C22842292B007C8A4C /* ContentView.swift */; };
		04EB44C52842292D007C8A4C /* Assets.xcassets in Resources */ = {isa = PBXBuildFile; fileRef = 04EB44C42842292D007C8A4C /* Assets.xcassets */; };
		04EB44C82842292D007C8A4C /* Preview Assets.xcassets in Resources */ = {isa = PBXBuildFile; fileRef = 04EB44C72842292D007C8A4C /* Preview Assets.xcassets */; };
		04EB44D22842292D007C8A4C /* beMyEyesTests.swift in Sources */ = {isa = PBXBuildFile; fileRef = 04EB44D12842292D007C8A4C /* beMyEyesTests.swift */; };
		04EB44DC2842292E007C8A4C /* beMyEyesUITests.swift in Sources */ = {isa = PBXBuildFile; fileRef = 04EB44DB2842292E007C8A4C /* beMyEyesUITests.swift */; };
		04EB44DE2842292E007C8A4C /* beMyEyesUITestsLaunchTests.swift in Sources */ = {isa = PBXBuildFile; fileRef = 04EB44DD2842292E007C8A4C /* beMyEyesUITestsLaunchTests.swift */; };
/* End PBXBuildFile section */

/* Begin PBXContainerItemProxy section */
		04EB44CE2842292D007C8A4C /* PBXContainerItemProxy */ = {
			isa = PBXContainerItemProxy;
			containerPortal = 04EB44B52842292B007C8A4C /* Project object */;
			proxyType = 1;
			remoteGlobalIDString = 04EB44BC2842292B007C8A4C;
			remoteInfo = beMyEyes;
		};
		04EB44D82842292E007C8A4C /* PBXContainerItemProxy */ = {
			isa = PBXContainerItemProxy;
			containerPortal = 04EB44B52842292B007C8A4C /* Project object */;
			proxyType = 1;
			remoteGlobalIDString = 04EB44BC2842292B007C8A4C;
			remoteInfo = beMyEyes;
		};
/* End PBXContainerItemProxy section */

/* Begin PBXFileReference section */
		04EB44BD2842292B007C8A4C /* beMyEyes.app */ = {isa = PBXFileReference; explicitFileType = wrapper.application; includeInIndex = 0; path = beMyEyes.app; sourceTree = BUILT_PRODUCTS_DIR; };
		04EB44C02842292B007C8A4C /* beMyEyesApp.swift */ = {isa = PBXFileReference; lastKnownFileType = sourcecode.swift; path = beMyEyesApp.swift; sourceTree = "<group>"; };
		04EB44C22842292B007C8A4C /* ContentView.swift */ = {isa = PBXFileReference; lastKnownFileType = sourcecode.swift; path = ContentView.swift; sourceTree = "<group>"; };
		04EB44C42842292D007C8A4C /* Assets.xcassets */ = {isa = PBXFileReference; lastKnownFileType = folder.assetcatalog; path = Assets.xcassets; sourceTree = "<group>"; };
		04EB44C72842292D007C8A4C /* Preview Assets.xcassets */ = {isa = PBXFileReference; lastKnownFileType = folder.assetcatalog; path = "Preview Assets.xcassets"; sourceTree = "<group>"; };
		04EB44CD2842292D007C8A4C /* beMyEyesTests.xctest */ = {isa = PBXFileReference; explicitFileType = wrapper.cfbundle; includeInIndex = 0; path = beMyEyesTests.xctest; sourceTree = BUILT_PRODUCTS_DIR; };
		04EB44D12842292D007C8A4C /* beMyEyesTests.swift */ = {isa = PBXFileReference; lastKnownFileType = sourcecode.swift; path = beMyEyesTests.swift; sourceTree = "<group>"; };
		04EB44D72842292E007C8A4C /* beMyEyesUITests.xctest */ = {isa = PBXFileReference; explicitFileType = wrapper.cfbundle; includeInIndex = 0; path = beMyEyesUITests.xctest; sourceTree = BUILT_PRODUCTS_DIR; };
		04EB44DB2842292E007C8A4C /* beMyEyesUITests.swift */ = {isa = PBXFileReference; lastKnownFileType = sourcecode.swift; path = beMyEyesUITests.swift; sourceTree = "<group>"; };
		04EB44DD2842292E007C8A4C /* beMyEyesUITestsLaunchTests.swift */ = {isa = PBXFileReference; lastKnownFileType = sourcecode.swift; path = beMyEyesUITestsLaunchTests.swift; sourceTree = "<group>"; };
/* End PBXFileReference section */

/* Begin PBXFrameworksBuildPhase section */
		04EB44BA2842292B007C8A4C /* Frameworks */ = {
			isa = PBXFrameworksBuildPhase;
			buildActionMask = 2147483647;
			files = (
			);
			runOnlyForDeploymentPostprocessing = 0;
		};
		04EB44CA2842292D007C8A4C /* Frameworks */ = {
			isa = PBXFrameworksBuildPhase;
			buildActionMask = 2147483647;
			files = (
			);
			runOnlyForDeploymentPostprocessing = 0;
		};
		04EB44D42842292E007C8A4C /* Frameworks */ = {
			isa = PBXFrameworksBuildPhase;
			buildActionMask = 2147483647;
			files = (
			);
			runOnlyForDeploymentPostprocessing = 0;
		};
/* End PBXFrameworksBuildPhase section */

/* Begin PBXGroup section */
		04EB44B42842292B007C8A4C = {
			isa = PBXGroup;
			children = (
				04EB44BF2842292B007C8A4C /* beMyEyes */,
				04EB44D02842292D007C8A4C /* beMyEyesTests */,
				04EB44DA2842292E007C8A4C /* beMyEyesUITests */,
				04EB44BE2842292B007C8A4C /* Products */,
			);
			sourceTree = "<group>";
		};
		04EB44BE2842292B007C8A4C /* Products */ = {
			isa = PBXGroup;
			children = (
				04EB44BD2842292B007C8A4C /* beMyEyes.app */,
				04EB44CD2842292D007C8A4C /* beMyEyesTests.xctest */,
				04EB44D72842292E007C8A4C /* beMyEyesUITests.xctest */,
			);
			name = Products;
			sourceTree = "<group>";
		};
		04EB44BF2842292B007C8A4C /* beMyEyes */ = {
			isa = PBXGroup;
			children = (
				04EB44C02842292B007C8A4C /* beMyEyesApp.swift */,
				04EB44C22842292B007C8A4C /* ContentView.swift */,
				04EB44C42842292D007C8A4C /* Assets.xcassets */,
				04EB44C62842292D007C8A4C /* Preview Content */,
			);
			path = beMyEyes;
			sourceTree = "<group>";
		};
		04EB44C62842292D007C8A4C /* Preview Content */ = {
			isa = PBXGroup;
			children = (
				04EB44C72842292D007C8A4C /* Preview Assets.xcassets */,
			);
			path = "Preview Content";
			sourceTree = "<group>";
		};
		04EB44D02842292D007C8A4C /* beMyEyesTests */ = {
			isa = PBXGroup;
			children = (
				04EB44D12842292D007C8A4C /* beMyEyesTests.swift */,
			);
			path = beMyEyesTests;
			sourceTree = "<group>";
		};
		04EB44DA2842292E007C8A4C /* beMyEyesUITests */ = {
			isa = PBXGroup;
			children = (
				04EB44DB2842292E007C8A4C /* beMyEyesUITests.swift */,
				04EB44DD2842292E007C8A4C /* beMyEyesUITestsLaunchTests.swift */,
			);
			path = beMyEyesUITests;
			sourceTree = "<group>";
		};
/* End PBXGroup section */

/* Begin PBXNativeTarget section */
		04EB44BC2842292B007C8A4C /* beMyEyes */ = {
			isa = PBXNativeTarget;
			buildConfigurationList = 04EB44E12842292E007C8A4C /* Build configuration list for PBXNativeTarget "beMyEyes" */;
			buildPhases = (
				04EB44B92842292B007C8A4C /* Sources */,
				04EB44BA2842292B007C8A4C /* Frameworks */,
				04EB44BB2842292B007C8A4C /* Resources */,
			);
			buildRules = (
			);
			dependencies = (
			);
			name = beMyEyes;
			productName = beMyEyes;
			productReference = 04EB44BD2842292B007C8A4C /* beMyEyes.app */;
			productType = "com.apple.product-type.application";
		};
		04EB44CC2842292D007C8A4C /* beMyEyesTests */ = {
			isa = PBXNativeTarget;
			buildConfigurationList = 04EB44E42842292E007C8A4C /* Build configuration list for PBXNativeTarget "beMyEyesTests" */;
			buildPhases = (
				04EB44C92842292D007C8A4C /* Sources */,
				04EB44CA2842292D007C8A4C /* Frameworks */,
				04EB44CB2842292D007C8A4C /* Resources */,
			);
			buildRules = (
			);
			dependencies = (
				04EB44CF2842292D007C8A4C /* PBXTargetDependency */,
			);
			name = beMyEyesTests;
			productName = beMyEyesTests;
			productReference = 04EB44CD2842292D007C8A4C /* beMyEyesTests.xctest */;
			productType = "com.apple.product-type.bundle.unit-test";
		};
		04EB44D62842292E007C8A4C /* beMyEyesUITests */ = {
			isa = PBXNativeTarget;
			buildConfigurationList = 04EB44E72842292E007C8A4C /* Build configuration list for PBXNativeTarget "beMyEyesUITests" */;
			buildPhases = (
				04EB44D32842292E007C8A4C /* Sources */,
				04EB44D42842292E007C8A4C /* Frameworks */,
				04EB44D52842292E007C8A4C /* Resources */,
			);
			buildRules = (
			);
			dependencies = (
				04EB44D92842292E007C8A4C /* PBXTargetDependency */,
			);
			name = beMyEyesUITests;
			productName = beMyEyesUITests;
			productReference = 04EB44D72842292E007C8A4C /* beMyEyesUITests.xctest */;
			productType = "com.apple.product-type.bundle.ui-testing";
		};
/* End PBXNativeTarget section */

/* Begin PBXProject section */
		04EB44B52842292B007C8A4C /* Project object */ = {
			isa = PBXProject;
			attributes = {
				BuildIndependentTargetsInParallel = 1;
				LastSwiftUpdateCheck = 1320;
				LastUpgradeCheck = 1320;
				TargetAttributes = {
					04EB44BC2842292B007C8A4C = {
						CreatedOnToolsVersion = 13.2.1;
					};
					04EB44CC2842292D007C8A4C = {
						CreatedOnToolsVersion = 13.2.1;
						TestTargetID = 04EB44BC2842292B007C8A4C;
					};
					04EB44D62842292E007C8A4C = {
						CreatedOnToolsVersion = 13.2.1;
						TestTargetID = 04EB44BC2842292B007C8A4C;
					};
				};
			};
			buildConfigurationList = 04EB44B82842292B007C8A4C /* Build configuration list for PBXProject "beMyEyes" */;
			compatibilityVersion = "Xcode 13.0";
			developmentRegion = en;
			hasScannedForEncodings = 0;
			knownRegions = (
				en,
				Base,
			);
			mainGroup = 04EB44B42842292B007C8A4C;
			productRefGroup = 04EB44BE2842292B007C8A4C /* Products */;
			projectDirPath = "";
			projectRoot = "";
			targets = (
				04EB44BC2842292B007C8A4C /* beMyEyes */,
				04EB44CC2842292D007C8A4C /* beMyEyesTests */,
				04EB44D62842292E007C8A4C /* beMyEyesUITests */,
			);
		};
/* End PBXProject section */

/* Begin PBXResourcesBuildPhase section */
		04EB44BB2842292B007C8A4C /* Resources */ = {
			isa = PBXResourcesBuildPhase;
			buildActionMask = 2147483647;
			files = (
				04EB44C82842292D007C8A4C /* Preview Assets.xcassets in Resources */,
				04EB44C52842292D007C8A4C /* Assets.xcassets in Resources */,
			);
			runOnlyForDeploymentPostprocessing = 0;
		};
		04EB44CB2842292D007C8A4C /* Resources */ = {
			isa = PBXResourcesBuildPhase;
			buildActionMask = 2147483647;
			files = (
			);
			runOnlyForDeploymentPostprocessing = 0;
		};
		04EB44D52842292E007C8A4C /* Resources */ = {
			isa = PBXResourcesBuildPhase;
			buildActionMask = 2147483647;
			files = (
			);
			runOnlyForDeploymentPostprocessing = 0;
		};
/* End PBXResourcesBuildPhase section */

/* Begin PBXSourcesBuildPhase section */
		04EB44B92842292B007C8A4C /* Sources */ = {
			isa = PBXSourcesBuildPhase;
			buildActionMask = 2147483647;
			files = (
				04EB44C32842292B007C8A4C /* ContentView.swift in Sources */,
				04EB44C12842292B007C8A4C /* beMyEyesApp.swift in Sources */,
			);
			runOnlyForDeploymentPostprocessing = 0;
		};
		04EB44C92842292D007C8A4C /* Sources */ = {
			isa = PBXSourcesBuildPhase;
			buildActionMask = 2147483647;
			files = (
				04EB44D22842292D007C8A4C /* beMyEyesTests.swift in Sources */,
			);
			runOnlyForDeploymentPostprocessing = 0;
		};
		04EB44D32842292E007C8A4C /* Sources */ = {
			isa = PBXSourcesBuildPhase;
			buildActionMask = 2147483647;
			files = (
				04EB44DE2842292E007C8A4C /* beMyEyesUITestsLaunchTests.swift in Sources */,
				04EB44DC2842292E007C8A4C /* beMyEyesUITests.swift in Sources */,
			);
			runOnlyForDeploymentPostprocessing = 0;
		};
/* End PBXSourcesBuildPhase section */

/* Begin PBXTargetDependency section */
		04EB44CF2842292D007C8A4C /* PBXTargetDependency */ = {
			isa = PBXTargetDependency;
			target = 04EB44BC2842292B007C8A4C /* beMyEyes */;
			targetProxy = 04EB44CE2842292D007C8A4C /* PBXContainerItemProxy */;
		};
		04EB44D92842292E007C8A4C /* PBXTargetDependency */ = {
			isa = PBXTargetDependency;
			target = 04EB44BC2842292B007C8A4C /* beMyEyes */;
			targetProxy = 04EB44D82842292E007C8A4C /* PBXContainerItemProxy */;
		};
/* End PBXTargetDependency section */

/* Begin XCBuildConfiguration section */
		04EB44DF2842292E007C8A4C /* Debug */ = {
			isa = XCBuildConfiguration;
			buildSettings = {
				ALWAYS_SEARCH_USER_PATHS = NO;
				CLANG_ANALYZER_NONNULL = YES;
				CLANG_ANALYZER_NUMBER_OBJECT_CONVERSION = YES_AGGRESSIVE;
				CLANG_CXX_LANGUAGE_STANDARD = "gnu++17";
				CLANG_CXX_LIBRARY = "libc++";
				CLANG_ENABLE_MODULES = YES;
				CLANG_ENABLE_OBJC_ARC = YES;
				CLANG_ENABLE_OBJC_WEAK = YES;
				CLANG_WARN_BLOCK_CAPTURE_AUTORELEASING = YES;
				CLANG_WARN_BOOL_CONVERSION = YES;
				CLANG_WARN_COMMA = YES;
				CLANG_WARN_CONSTANT_CONVERSION = YES;
				CLANG_WARN_DEPRECATED_OBJC_IMPLEMENTATIONS = YES;
				CLANG_WARN_DIRECT_OBJC_ISA_USAGE = YES_ERROR;
				CLANG_WARN_DOCUMENTATION_COMMENTS = YES;
				CLANG_WARN_EMPTY_BODY = YES;
				CLANG_WARN_ENUM_CONVERSION = YES;
				CLANG_WARN_INFINITE_RECURSION = YES;
				CLANG_WARN_INT_CONVERSION = YES;
				CLANG_WARN_NON_LITERAL_NULL_CONVERSION = YES;
				CLANG_WARN_OBJC_IMPLICIT_RETAIN_SELF = YES;
				CLANG_WARN_OBJC_LITERAL_CONVERSION = YES;
				CLANG_WARN_OBJC_ROOT_CLASS = YES_ERROR;
				CLANG_WARN_QUOTED_INCLUDE_IN_FRAMEWORK_HEADER = YES;
				CLANG_WARN_RANGE_LOOP_ANALYSIS = YES;
				CLANG_WARN_STRICT_PROTOTYPES = YES;
				CLANG_WARN_SUSPICIOUS_MOVE = YES;
				CLANG_WARN_UNGUARDED_AVAILABILITY = YES_AGGRESSIVE;
				CLANG_WARN_UNREACHABLE_CODE = YES;
				CLANG_WARN__DUPLICATE_METHOD_MATCH = YES;
				COPY_PHASE_STRIP = NO;
				DEBUG_INFORMATION_FORMAT = dwarf;
				ENABLE_STRICT_OBJC_MSGSEND = YES;
				ENABLE_TESTABILITY = YES;
				GCC_C_LANGUAGE_STANDARD = gnu11;
				GCC_DYNAMIC_NO_PIC = NO;
				GCC_NO_COMMON_BLOCKS = YES;
				GCC_OPTIMIZATION_LEVEL = 0;
				GCC_PREPROCESSOR_DEFINITIONS = (
					"DEBUG=1",
					"$(inherited)",
				);
				GCC_WARN_64_TO_32_BIT_CONVERSION = YES;
				GCC_WARN_ABOUT_RETURN_TYPE = YES_ERROR;
				GCC_WARN_UNDECLARED_SELECTOR = YES;
				GCC_WARN_UNINITIALIZED_AUTOS = YES_AGGRESSIVE;
				GCC_WARN_UNUSED_FUNCTION = YES;
				GCC_WARN_UNUSED_VARIABLE = YES;
				IPHONEOS_DEPLOYMENT_TARGET = 15.2;
				MTL_ENABLE_DEBUG_INFO = INCLUDE_SOURCE;
				MTL_FAST_MATH = YES;
				ONLY_ACTIVE_ARCH = YES;
				SDKROOT = iphoneos;
				SWIFT_ACTIVE_COMPILATION_CONDITIONS = DEBUG;
				SWIFT_OPTIMIZATION_LEVEL = "-Onone";
			};
			name = Debug;
		};
		04EB44E02842292E007C8A4C /* Release */ = {
			isa = XCBuildConfiguration;
			buildSettings = {
				ALWAYS_SEARCH_USER_PATHS = NO;
				CLANG_ANALYZER_NONNULL = YES;
				CLANG_ANALYZER_NUMBER_OBJECT_CONVERSION = YES_AGGRESSIVE;
				CLANG_CXX_LANGUAGE_STANDARD = "gnu++17";
				CLANG_CXX_LIBRARY = "libc++";
				CLANG_ENABLE_MODULES = YES;
				CLANG_ENABLE_OBJC_ARC = YES;
				CLANG_ENABLE_OBJC_WEAK = YES;
				CLANG_WARN_BLOCK_CAPTURE_AUTORELEASING = YES;
				CLANG_WARN_BOOL_CONVERSION = YES;
				CLANG_WARN_COMMA = YES;
				CLANG_WARN_CONSTANT_CONVERSION = YES;
				CLANG_WARN_DEPRECATED_OBJC_IMPLEMENTATIONS = YES;
				CLANG_WARN_DIRECT_OBJC_ISA_USAGE = YES_ERROR;
				CLANG_WARN_DOCUMENTATION_COMMENTS = YES;
				CLANG_WARN_EMPTY_BODY = YES;
				CLANG_WARN_ENUM_CONVERSION = YES;
				CLANG_WARN_INFINITE_RECURSION = YES;
				CLANG_WARN_INT_CONVERSION = YES;
				CLANG_WARN_NON_LITERAL_NULL_CONVERSION = YES;
				CLANG_WARN_OBJC_IMPLICIT_RETAIN_SELF = YES;
				CLANG_WARN_OBJC_LITERAL_CONVERSION = YES;
				CLANG_WARN_OBJC_ROOT_CLASS = YES_ERROR;
				CLANG_WARN_QUOTED_INCLUDE_IN_FRAMEWORK_HEADER = YES;
				CLANG_WARN_RANGE_LOOP_ANALYSIS = YES;
				CLANG_WARN_STRICT_PROTOTYPES = YES;
				CLANG_WARN_SUSPICIOUS_MOVE = YES;
				CLANG_WARN_UNGUARDED_AVAILABILITY = YES_AGGRESSIVE;
				CLANG_WARN_UNREACHABLE_CODE = YES;
				CLANG_WARN__DUPLICATE_METHOD_MATCH = YES;
				COPY_PHASE_STRIP = NO;
				DEBUG_INFORMATION_FORMAT = "dwarf-with-dsym";
				ENABLE_NS_ASSERTIONS = NO;
				ENABLE_STRICT_OBJC_MSGSEND = YES;
				GCC_C_LANGUAGE_STANDARD = gnu11;
				GCC_NO_COMMON_BLOCKS = YES;
				GCC_WARN_64_TO_32_BIT_CONVERSION = YES;
				GCC_WARN_ABOUT_RETURN_TYPE = YES_ERROR;
				GCC_WARN_UNDECLARED_SELECTOR = YES;
				GCC_WARN_UNINITIALIZED_AUTOS = YES_AGGRESSIVE;
				GCC_WARN_UNUSED_FUNCTION = YES;
				GCC_WARN_UNUSED_VARIABLE = YES;
				IPHONEOS_DEPLOYMENT_TARGET = 15.2;
				MTL_ENABLE_DEBUG_INFO = NO;
				MTL_FAST_MATH = YES;
				SDKROOT = iphoneos;
				SWIFT_COMPILATION_MODE = wholemodule;
				SWIFT_OPTIMIZATION_LEVEL = "-O";
				VALIDATE_PRODUCT = YES;
			};
			name = Release;
		};
		04EB44E22842292E007C8A4C /* Debug */ = {
			isa = XCBuildConfiguration;
			buildSettings = {
				ASSETCATALOG_COMPILER_APPICON_NAME = AppIcon;
				ASSETCATALOG_COMPILER_GLOBAL_ACCENT_COLOR_NAME = AccentColor;
				CODE_SIGN_STYLE = Automatic;
				CURRENT_PROJECT_VERSION = 1;
				DEVELOPMENT_ASSET_PATHS = "\"beMyEyes/Preview Content\"";
				ENABLE_PREVIEWS = YES;
				GENERATE_INFOPLIST_FILE = YES;
				INFOPLIST_KEY_UIApplicationSceneManifest_Generation = YES;
				INFOPLIST_KEY_UIApplicationSupportsIndirectInputEvents = YES;
				INFOPLIST_KEY_UILaunchScreen_Generation = YES;
				INFOPLIST_KEY_UISupportedInterfaceOrientations_iPad = "UIInterfaceOrientationPortrait UIInterfaceOrientationPortraitUpsideDown UIInterfaceOrientationLandscapeLeft UIInterfaceOrientationLandscapeRight";
				INFOPLIST_KEY_UISupportedInterfaceOrientations_iPhone = "UIInterfaceOrientationPortrait UIInterfaceOrientationLandscapeLeft UIInterfaceOrientationLandscapeRight";
				LD_RUNPATH_SEARCH_PATHS = (
					"$(inherited)",
					"@executable_path/Frameworks",
				);
				MARKETING_VERSION = 1.0;
				PRODUCT_BUNDLE_IDENTIFIER = aya.salaheddine.beMyEyes;
				PRODUCT_NAME = "$(TARGET_NAME)";
				SWIFT_EMIT_LOC_STRINGS = YES;
				SWIFT_VERSION = 5.0;
				TARGETED_DEVICE_FAMILY = "1,2";
			};
			name = Debug;
		};
		04EB44E32842292E007C8A4C /* Release */ = {
			isa = XCBuildConfiguration;
			buildSettings = {
				ASSETCATALOG_COMPILER_APPICON_NAME = AppIcon;
				ASSETCATALOG_COMPILER_GLOBAL_ACCENT_COLOR_NAME = AccentColor;
				CODE_SIGN_STYLE = Automatic;
				CURRENT_PROJECT_VERSION = 1;
				DEVELOPMENT_ASSET_PATHS = "\"beMyEyes/Preview Content\"";
				ENABLE_PREVIEWS = YES;
				GENERATE_INFOPLIST_FILE = YES;
				INFOPLIST_KEY_UIApplicationSceneManifest_Generation = YES;
				INFOPLIST_KEY_UIApplicationSupportsIndirectInputEvents = YES;
				INFOPLIST_KEY_UILaunchScreen_Generation = YES;
				INFOPLIST_KEY_UISupportedInterfaceOrientations_iPad = "UIInterfaceOrientationPortrait UIInterfaceOrientationPortraitUpsideDown UIInterfaceOrientationLandscapeLeft UIInterfaceOrientationLandscapeRight";
				INFOPLIST_KEY_UISupportedInterfaceOrientations_iPhone = "UIInterfaceOrientationPortrait UIInterfaceOrientationLandscapeLeft UIInterfaceOrientationLandscapeRight";
				LD_RUNPATH_SEARCH_PATHS = (
					"$(inherited)",
					"@executable_path/Frameworks",
				);
				MARKETING_VERSION = 1.0;
				PRODUCT_BUNDLE_IDENTIFIER = aya.salaheddine.beMyEyes;
				PRODUCT_NAME = "$(TARGET_NAME)";
				SWIFT_EMIT_LOC_STRINGS = YES;
				SWIFT_VERSION = 5.0;
				TARGETED_DEVICE_FAMILY = "1,2";
			};
			name = Release;
		};
		04EB44E52842292E007C8A4C /* Debug */ = {
			isa = XCBuildConfiguration;
			buildSettings = {
				ALWAYS_EMBED_SWIFT_STANDARD_LIBRARIES = YES;
				BUNDLE_LOADER = "$(TEST_HOST)";
				CODE_SIGN_STYLE = Automatic;
				CURRENT_PROJECT_VERSION = 1;
				GENERATE_INFOPLIST_FILE = YES;
				IPHONEOS_DEPLOYMENT_TARGET = 15.2;
				MARKETING_VERSION = 1.0;
				PRODUCT_BUNDLE_IDENTIFIER = aya.salaheddine.beMyEyesTests;
				PRODUCT_NAME = "$(TARGET_NAME)";
				SWIFT_EMIT_LOC_STRINGS = NO;
				SWIFT_VERSION = 5.0;
				TARGETED_DEVICE_FAMILY = "1,2";
				TEST_HOST = "$(BUILT_PRODUCTS_DIR)/beMyEyes.app/beMyEyes";
			};
			name = Debug;
		};
		04EB44E62842292E007C8A4C /* Release */ = {
			isa = XCBuildConfiguration;
			buildSettings = {
				ALWAYS_EMBED_SWIFT_STANDARD_LIBRARIES = YES;
				BUNDLE_LOADER = "$(TEST_HOST)";
				CODE_SIGN_STYLE = Automatic;
				CURRENT_PROJECT_VERSION = 1;
				GENERATE_INFOPLIST_FILE = YES;
				IPHONEOS_DEPLOYMENT_TARGET = 15.2;
				MARKETING_VERSION = 1.0;
				PRODUCT_BUNDLE_IDENTIFIER = aya.salaheddine.beMyEyesTests;
				PRODUCT_NAME = "$(TARGET_NAME)";
				SWIFT_EMIT_LOC_STRINGS = NO;
				SWIFT_VERSION = 5.0;
				TARGETED_DEVICE_FAMILY = "1,2";
				TEST_HOST = "$(BUILT_PRODUCTS_DIR)/beMyEyes.app/beMyEyes";
			};
			name = Release;
		};
		04EB44E82842292E007C8A4C /* Debug */ = {
			isa = XCBuildConfiguration;
			buildSettings = {
				ALWAYS_EMBED_SWIFT_STANDARD_LIBRARIES = YES;
				CODE_SIGN_STYLE = Automatic;
				CURRENT_PROJECT_VERSION = 1;
				GENERATE_INFOPLIST_FILE = YES;
				MARKETING_VERSION = 1.0;
				PRODUCT_BUNDLE_IDENTIFIER = aya.salaheddine.beMyEyesUITests;
				PRODUCT_NAME = "$(TARGET_NAME)";
				SWIFT_EMIT_LOC_STRINGS = NO;
				SWIFT_VERSION = 5.0;
				TARGETED_DEVICE_FAMILY = "1,2";
				TEST_TARGET_NAME = beMyEyes;
			};
			name = Debug;
		};
		04EB44E92842292E007C8A4C /* Release */ = {
			isa = XCBuildConfiguration;
			buildSettings = {
				ALWAYS_EMBED_SWIFT_STANDARD_LIBRARIES = YES;
				CODE_SIGN_STYLE = Automatic;
				CURRENT_PROJECT_VERSION = 1;
				GENERATE_INFOPLIST_FILE = YES;
				MARKETING_VERSION = 1.0;
				PRODUCT_BUNDLE_IDENTIFIER = aya.salaheddine.beMyEyesUITests;
				PRODUCT_NAME = "$(TARGET_NAME)";
				SWIFT_EMIT_LOC_STRINGS = NO;
				SWIFT_VERSION = 5.0;
				TARGETED_DEVICE_FAMILY = "1,2";
				TEST_TARGET_NAME = beMyEyes;
			};
			name = Release;
		};
/* End XCBuildConfiguration section */

/* Begin XCConfigurationList section */
		04EB44B82842292B007C8A4C /* Build configuration list for PBXProject "beMyEyes" */ = {
			isa = XCConfigurationList;
			buildConfigurations = (
				04EB44DF2842292E007C8A4C /* Debug */,
				04EB44E02842292E007C8A4C /* Release */,
			);
			defaultConfigurationIsVisible = 0;
			defaultConfigurationName = Release;
		};
		04EB44E12842292E007C8A4C /* Build configuration list for PBXNativeTarget "beMyEyes" */ = {
			isa = XCConfigurationList;
			buildConfigurations = (
				04EB44E22842292E007C8A4C /* Debug */,
				04EB44E32842292E007C8A4C /* Release */,
			);
			defaultConfigurationIsVisible = 0;
			defaultConfigurationName = Release;
		};
		04EB44E42842292E007C8A4C /* Build configuration list for PBXNativeTarget "beMyEyesTests" */ = {
			isa = XCConfigurationList;
			buildConfigurations = (
				04EB44E52842292E007C8A4C /* Debug */,
				04EB44E62842292E007C8A4C /* Release */,
			);
			defaultConfigurationIsVisible = 0;
			defaultConfigurationName = Release;
		};
		04EB44E72842292E007C8A4C /* Build configuration list for PBXNativeTarget "beMyEyesUITests" */ = {
			isa = XCConfigurationList;
			buildConfigurations = (
				04EB44E82842292E007C8A4C /* Debug */,
				04EB44E92842292E007C8A4C /* Release */,
			);
			defaultConfigurationIsVisible = 0;
			defaultConfigurationName = Release;
		};
/* End XCConfigurationList section */
	};
	rootObject = 04EB44B52842292B007C8A4C /* Project object */;
}
